
Microsoft Visual Studio Solution File, Format Version 12.00
# Visual Studio Version 16
VisualStudioVersion = 16.0.30317.65
MinimumVisualStudioVersion = 10.0.40219.1
Project("{2150E333-8FDC-42A3-9474-1A3956D46DE8}") = "Solution Items", "Solution Items", "{B53E85D4-0AC4-417A-ACB5-16A12C2C03E4}"
	ProjectSection(SolutionItems) = preProject
		CreateDb.sql = CreateDb.sql
		Data.sql = Data.sql
		readme.md = readme.md
	EndProjectSection
EndProject
Project("{9A19103F-16F7-4668-BE54-9A1E7A4F7556}") = "EnterpriseCenterWeb", "EnterpriseCenterWeb\EnterpriseCenterWeb.csproj", "{041DE265-E5E1-46E4-8023-F0AE3F210348}"
EndProject
Project("{9A19103F-16F7-4668-BE54-9A1E7A4F7556}") = "EnterpriseCenterWebIntegrationTests", "EnterpriseCenterWebTest\EnterpriseCenterWebIntegrationTests.csproj", "{6EE08304-DC65-469C-8E48-F97B61F6DF71}"
EndProject
Project("{FAE04EC0-301F-11D3-BF4B-00C04F79EFBC}") = "EnterpriseCenterWebUnitTests", "EnterpriseCenterUnitTests\EnterpriseCenterWebUnitTests.csproj", "{00A50756-7B82-465D-9CCE-F1885429EEF0}"
EndProject
Global
	GlobalSection(SolutionConfigurationPlatforms) = preSolution
		Debug|Any CPU = Debug|Any CPU
		Release|Any CPU = Release|Any CPU
	EndGlobalSection
	GlobalSection(ProjectConfigurationPlatforms) = postSolution
		{041DE265-E5E1-46E4-8023-F0AE3F210348}.Debug|Any CPU.ActiveCfg = Debug|Any CPU
		{041DE265-E5E1-46E4-8023-F0AE3F210348}.Debug|Any CPU.Build.0 = Debug|Any CPU
		{041DE265-E5E1-46E4-8023-F0AE3F210348}.Release|Any CPU.ActiveCfg = Release|Any CPU
		{041DE265-E5E1-46E4-8023-F0AE3F210348}.Release|Any CPU.Build.0 = Release|Any CPU
		{6EE08304-DC65-469C-8E48-F97B61F6DF71}.Debug|Any CPU.ActiveCfg = Debug|Any CPU
		{6EE08304-DC65-469C-8E48-F97B61F6DF71}.Debug|Any CPU.Build.0 = Debug|Any CPU
		{6EE08304-DC65-469C-8E48-F97B61F6DF71}.Release|Any CPU.ActiveCfg = Release|Any CPU
		{6EE08304-DC65-469C-8E48-F97B61F6DF71}.Release|Any CPU.Build.0 = Release|Any CPU
		{00A50756-7B82-465D-9CCE-F1885429EEF0}.Debug|Any CPU.ActiveCfg = Debug|Any CPU
		{00A50756-7B82-465D-9CCE-F1885429EEF0}.Debug|Any CPU.Build.0 = Debug|Any CPU
		{00A50756-7B82-465D-9CCE-F1885429EEF0}.Release|Any CPU.ActiveCfg = Release|Any CPU
		{00A50756-7B82-465D-9CCE-F1885429EEF0}.Release|Any CPU.Build.0 = Release|Any CPU
	EndGlobalSection
	GlobalSection(SolutionProperties) = preSolution
		HideSolutionNode = FALSE
	EndGlobalSection
	GlobalSection(ExtensibilityGlobals) = postSolution
		SolutionGuid = {2B6C1454-E553-4239-89C2-D50553888121}
	EndGlobalSection
EndGlobal
